
Microsoft Visual Studio Solution File, Format Version 12.00
# Visual Studio Version 17
VisualStudioVersion = 17.14.36414.22 d17.14
MinimumVisualStudioVersion = 10.0.40219.1
Project("{FAE04EC0-301F-11D3-BF4B-00C04F79EFBC}") = "Api_crudPim", "Api_crudPim.csproj", "{0CB34CFA-DA9C-35E4-4133-839B6E5AF431}"
EndProject
Global
	GlobalSection(SolutionConfigurationPlatforms) = preSolution
		Debug|Any CPU = Debug|Any CPU
		Release|Any CPU = Release|Any CPU
	EndGlobalSection
	GlobalSection(ProjectConfigurationPlatforms) = postSolution
		{0CB34CFA-DA9C-35E4-4133-839B6E5AF431}.Debug|Any CPU.ActiveCfg = Debug|Any CPU
		{0CB34CFA-DA9C-35E4-4133-839B6E5AF431}.Debug|Any CPU.Build.0 = Debug|Any CPU
		{0CB34CFA-DA9C-35E4-4133-839B6E5AF431}.Release|Any CPU.ActiveCfg = Release|Any CPU
		{0CB34CFA-DA9C-35E4-4133-839B6E5AF431}.Release|Any CPU.Build.0 = Release|Any CPU
	EndGlobalSection
	GlobalSection(SolutionProperties) = preSolution
		HideSolutionNode = FALSE
	EndGlobalSection
	GlobalSection(ExtensibilityGlobals) = postSolution
		SolutionGuid = {6BA0658C-4243-43E1-8706-330DE0009005}
	EndGlobalSection
EndGlobal
